
Microsoft Visual Studio Solution File, Format Version 12.00
# Visual Studio Version 17
VisualStudioVersion = 17.0.31903.59
MinimumVisualStudioVersion = 10.0.40219.1
Project("{2150E333-8FDC-42A3-9474-1A3956D46DE8}") = "src", "src", "{827E0CD3-B72D-47B6-A68D-7590B98EB39B}"
EndProject
Project("{FAE04EC0-301F-11D3-BF4B-00C04F79EFBC}") = "AddonStudio.App", "src\AddonStudio.App\AddonStudio.App.csproj", "{679B0276-05FD-42D8-87C3-E9E3FEAA94EB}"
EndProject
Project("{FAE04EC0-301F-11D3-BF4B-00C04F79EFBC}") = "AddonStudio.Application", "src\AddonStudio.Application\AddonStudio.Application.csproj", "{1E904C0E-7D76-4226-8B32-60BAC859A894}"
EndProject
Project("{FAE04EC0-301F-11D3-BF4B-00C04F79EFBC}") = "AddonStudio.Core", "src\AddonStudio.Core\AddonStudio.Core.csproj", "{6992AA3E-F456-40AB-98F7-92919D0BCB77}"
EndProject
Project("{FAE04EC0-301F-11D3-BF4B-00C04F79EFBC}") = "AddonStudio.Data", "src\AddonStudio.Data\AddonStudio.Data.csproj", "{416E4B3A-0F3F-4E2E-8F51-C1EACB340FE8}"
EndProject
Project("{FAE04EC0-301F-11D3-BF4B-00C04F79EFBC}") = "AddonStudio.Wow", "src\AddonStudio.Wow\AddonStudio.Wow.csproj", "{E97969F2-CB1E-415B-AD73-C0888B2D1011}"
EndProject
Project("{FAE04EC0-301F-11D3-BF4B-00C04F79EFBC}") = "AddonStudio.Git", "src\AddonStudio.Git\AddonStudio.Git.csproj", "{F64CBE51-7776-4469-8B76-4CA2AA299B42}"
EndProject
Project("{FAE04EC0-301F-11D3-BF4B-00C04F79EFBC}") = "AddonStudio.Media", "src\AddonStudio.Media\AddonStudio.Media.csproj", "{509C1295-5A12-4F8E-8155-B446EB1339A0}"
EndProject
Project("{FAE04EC0-301F-11D3-BF4B-00C04F79EFBC}") = "AddonStudio.Packaging", "src\AddonStudio.Packaging\AddonStudio.Packaging.csproj", "{4FA671FC-256D-4474-92E2-C17E95973B69}"
EndProject
Project("{FAE04EC0-301F-11D3-BF4B-00C04F79EFBC}") = "AddonStudio.Platforms", "src\AddonStudio.Platforms\AddonStudio.Platforms.csproj", "{0B967B01-446D-4ADD-8DF3-20D2DD7BED37}"
EndProject
Project("{2150E333-8FDC-42A3-9474-1A3956D46DE8}") = "tests", "tests", "{0AB3BF05-4346-4AA6-1389-037BE0695223}"
EndProject
Project("{FAE04EC0-301F-11D3-BF4B-00C04F79EFBC}") = "AddonStudio.Tests", "tests\AddonStudio.Tests\AddonStudio.Tests.csproj", "{8E56EEE0-4D98-499E-A349-69F76768ED5B}"
EndProject
Global
	GlobalSection(SolutionConfigurationPlatforms) = preSolution
		Debug|Any CPU = Debug|Any CPU
		Debug|x64 = Debug|x64
		Debug|x86 = Debug|x86
		Release|Any CPU = Release|Any CPU
		Release|x64 = Release|x64
		Release|x86 = Release|x86
	EndGlobalSection
	GlobalSection(ProjectConfigurationPlatforms) = postSolution
		{679B0276-05FD-42D8-87C3-E9E3FEAA94EB}.Debug|Any CPU.ActiveCfg = Debug|Any CPU
		{679B0276-05FD-42D8-87C3-E9E3FEAA94EB}.Debug|Any CPU.Build.0 = Debug|Any CPU
		{679B0276-05FD-42D8-87C3-E9E3FEAA94EB}.Debug|x64.ActiveCfg = Debug|Any CPU
		{679B0276-05FD-42D8-87C3-E9E3FEAA94EB}.Debug|x64.Build.0 = Debug|Any CPU
		{679B0276-05FD-42D8-87C3-E9E3FEAA94EB}.Debug|x86.ActiveCfg = Debug|Any CPU
		{679B0276-05FD-42D8-87C3-E9E3FEAA94EB}.Debug|x86.Build.0 = Debug|Any CPU
		{679B0276-05FD-42D8-87C3-E9E3FEAA94EB}.Release|Any CPU.ActiveCfg = Release|Any CPU
		{679B0276-05FD-42D8-87C3-E9E3FEAA94EB}.Release|Any CPU.Build.0 = Release|Any CPU
		{679B0276-05FD-42D8-87C3-E9E3FEAA94EB}.Release|x64.ActiveCfg = Release|Any CPU
		{679B0276-05FD-42D8-87C3-E9E3FEAA94EB}.Release|x64.Build.0 = Release|Any CPU
		{679B0276-05FD-42D8-87C3-E9E3FEAA94EB}.Release|x86.ActiveCfg = Release|Any CPU
		{679B0276-05FD-42D8-87C3-E9E3FEAA94EB}.Release|x86.Build.0 = Release|Any CPU
		{1E904C0E-7D76-4226-8B32-60BAC859A894}.Debug|Any CPU.ActiveCfg = Debug|Any CPU
		{1E904C0E-7D76-4226-8B32-60BAC859A894}.Debug|Any CPU.Build.0 = Debug|Any CPU
		{1E904C0E-7D76-4226-8B32-60BAC859A894}.Debug|x64.ActiveCfg = Debug|Any CPU
		{1E904C0E-7D76-4226-8B32-60BAC859A894}.Debug|x64.Build.0 = Debug|Any CPU
		{1E904C0E-7D76-4226-8B32-60BAC859A894}.Debug|x86.ActiveCfg = Debug|Any CPU
		{1E904C0E-7D76-4226-8B32-60BAC859A894}.Debug|x86.Build.0 = Debug|Any CPU
		{1E904C0E-7D76-4226-8B32-60BAC859A894}.Release|Any CPU.ActiveCfg = Release|Any CPU
		{1E904C0E-7D76-4226-8B32-60BAC859A894}.Release|Any CPU.Build.0 = Release|Any CPU
		{1E904C0E-7D76-4226-8B32-60BAC859A894}.Release|x64.ActiveCfg = Release|Any CPU
		{1E904C0E-7D76-4226-8B32-60BAC859A894}.Release|x64.Build.0 = Release|Any CPU
		{1E904C0E-7D76-4226-8B32-60BAC859A894}.Release|x86.ActiveCfg = Release|Any CPU
		{1E904C0E-7D76-4226-8B32-60BAC859A894}.Release|x86.Build.0 = Release|Any CPU
		{6992AA3E-F456-40AB-98F7-92919D0BCB77}.Debug|Any CPU.ActiveCfg = Debug|Any CPU
		{6992AA3E-F456-40AB-98F7-92919D0BCB77}.Debug|Any CPU.Build.0 = Debug|Any CPU
		{6992AA3E-F456-40AB-98F7-92919D0BCB77}.Debug|x64.ActiveCfg = Debug|Any CPU
		{6992AA3E-F456-40AB-98F7-92919D0BCB77}.Debug|x64.Build.0 = Debug|Any CPU
		{6992AA3E-F456-40AB-98F7-92919D0BCB77}.Debug|x86.ActiveCfg = Debug|Any CPU
		{6992AA3E-F456-40AB-98F7-92919D0BCB77}.Debug|x86.Build.0 = Debug|Any CPU
		{6992AA3E-F456-40AB-98F7-92919D0BCB77}.Release|Any CPU.ActiveCfg = Release|Any CPU
		{6992AA3E-F456-40AB-98F7-92919D0BCB77}.Release|Any CPU.Build.0 = Release|Any CPU
		{6992AA3E-F456-40AB-98F7-92919D0BCB77}.Release|x64.ActiveCfg = Release|Any CPU
		{6992AA3E-F456-40AB-98F7-92919D0BCB77}.Release|x64.Build.0 = Release|Any CPU
		{6992AA3E-F456-40AB-98F7-92919D0BCB77}.Release|x86.ActiveCfg = Release|Any CPU
		{6992AA3E-F456-40AB-98F7-92919D0BCB77}.Release|x86.Build.0 = Release|Any CPU
		{416E4B3A-0F3F-4E2E-8F51-C1EACB340FE8}.Debug|Any CPU.ActiveCfg = Debug|Any CPU
		{416E4B3A-0F3F-4E2E-8F51-C1EACB340FE8}.Debug|Any CPU.Build.0 = Debug|Any CPU
		{416E4B3A-0F3F-4E2E-8F51-C1EACB340FE8}.Debug|x64.ActiveCfg = Debug|Any CPU
		{416E4B3A-0F3F-4E2E-8F51-C1EACB340FE8}.Debug|x64.Build.0 = Debug|Any CPU
		{416E4B3A-0F3F-4E2E-8F51-C1EACB340FE8}.Debug|x86.ActiveCfg = Debug|Any CPU
		{416E4B3A-0F3F-4E2E-8F51-C1EACB340FE8}.Debug|x86.Build.0 = Debug|Any CPU
		{416E4B3A-0F3F-4E2E-8F51-C1EACB340FE8}.Release|Any CPU.ActiveCfg = Release|Any CPU
		{416E4B3A-0F3F-4E2E-8F51-C1EACB340FE8}.Release|Any CPU.Build.0 = Release|Any CPU
		{416E4B3A-0F3F-4E2E-8F51-C1EACB340FE8}.Release|x64.ActiveCfg = Release|Any CPU
		{416E4B3A-0F3F-4E2E-8F51-C1EACB340FE8}.Release|x64.Build.0 = Release|Any CPU
		{416E4B3A-0F3F-4E2E-8F51-C1EACB340FE8}.Release|x86.ActiveCfg = Release|Any CPU
		{416E4B3A-0F3F-4E2E-8F51-C1EACB340FE8}.Release|x86.Build.0 = Release|Any CPU
		{E97969F2-CB1E-415B-AD73-C0888B2D1011}.Debug|Any CPU.ActiveCfg = Debug|Any CPU
		{E97969F2-CB1E-415B-AD73-C0888B2D1011}.Debug|Any CPU.Build.0 = Debug|Any CPU
		{E97969F2-CB1E-415B-AD73-C0888B2D1011}.Debug|x64.ActiveCfg = Debug|Any CPU
		{E97969F2-CB1E-415B-AD73-C0888B2D1011}.Debug|x64.Build.0 = Debug|Any CPU
		{E97969F2-CB1E-415B-AD73-C0888B2D1011}.Debug|x86.ActiveCfg = Debug|Any CPU
		{E97969F2-CB1E-415B-AD73-C0888B2D1011}.Debug|x86.Build.0 = Debug|Any CPU
		{E97969F2-CB1E-415B-AD73-C0888B2D1011}.Release|Any CPU.ActiveCfg = Release|Any CPU
		{E97969F2-CB1E-415B-AD73-C0888B2D1011}.Release|Any CPU.Build.0 = Release|Any CPU
		{E97969F2-CB1E-415B-AD73-C0888B2D1011}.Release|x64.ActiveCfg = Release|Any CPU
		{E97969F2-CB1E-415B-AD73-C0888B2D1011}.Release|x64.Build.0 = Release|Any CPU
		{E97969F2-CB1E-415B-AD73-C0888B2D1011}.Release|x86.ActiveCfg = Release|Any CPU
		{E97969F2-CB1E-415B-AD73-C0888B2D1011}.Release|x86.Build.0 = Release|Any CPU
		{F64CBE51-7776-4469-8B76-4CA2AA299B42}.Debug|Any CPU.ActiveCfg = Debug|Any CPU
		{F64CBE51-7776-4469-8B76-4CA2AA299B42}.Debug|Any CPU.Build.0 = Debug|Any CPU
		{F64CBE51-7776-4469-8B76-4CA2AA299B42}.Debug|x64.ActiveCfg = Debug|Any CPU
		{F64CBE51-7776-4469-8B76-4CA2AA299B42}.Debug|x64.Build.0 = Debug|Any CPU
		{F64CBE51-7776-4469-8B76-4CA2AA299B42}.Debug|x86.ActiveCfg = Debug|Any CPU
		{F64CBE51-7776-4469-8B76-4CA2AA299B42}.Debug|x86.Build.0 = Debug|Any CPU
		{F64CBE51-7776-4469-8B76-4CA2AA299B42}.Release|Any CPU.ActiveCfg = Release|Any CPU
		{F64CBE51-7776-4469-8B76-4CA2AA299B42}.Release|Any CPU.Build.0 = Release|Any CPU
		{F64CBE51-7776-4469-8B76-4CA2AA299B42}.Release|x64.ActiveCfg = Release|Any CPU
		{F64CBE51-7776-4469-8B76-4CA2AA299B42}.Release|x64.Build.0 = Release|Any CPU
		{F64CBE51-7776-4469-8B76-4CA2AA299B42}.Release|x86.ActiveCfg = Release|Any CPU
		{F64CBE51-7776-4469-8B76-4CA2AA299B42}.Release|x86.Build.0 = Release|Any CPU
		{509C1295-5A12-4F8E-8155-B446EB1339A0}.Debug|Any CPU.ActiveCfg = Debug|Any CPU
		{509C1295-5A12-4F8E-8155-B446EB1339A0}.Debug|Any CPU.Build.0 = Debug|Any CPU
		{509C1295-5A12-4F8E-8155-B446EB1339A0}.Debug|x64.ActiveCfg = Debug|Any CPU
		{509C1295-5A12-4F8E-8155-B446EB1339A0}.Debug|x64.Build.0 = Debug|Any CPU
		{509C1295-5A12-4F8E-8155-B446EB1339A0}.Debug|x86.ActiveCfg = Debug|Any CPU
		{509C1295-5A12-4F8E-8155-B446EB1339A0}.Debug|x86.Build.0 = Debug|Any CPU
		{509C1295-5A12-4F8E-8155-B446EB1339A0}.Release|Any CPU.ActiveCfg = Release|Any CPU
		{509C1295-5A12-4F8E-8155-B446EB1339A0}.Release|Any CPU.Build.0 = Release|Any CPU
		{509C1295-5A12-4F8E-8155-B446EB1339A0}.Release|x64.ActiveCfg = Release|Any CPU
		{509C1295-5A12-4F8E-8155-B446EB1339A0}.Release|x64.Build.0 = Release|Any CPU
		{509C1295-5A12-4F8E-8155-B446EB1339A0}.Release|x86.ActiveCfg = Release|Any CPU
		{509C1295-5A12-4F8E-8155-B446EB1339A0}.Release|x86.Build.0 = Release|Any CPU
		{4FA671FC-256D-4474-92E2-C17E95973B69}.Debug|Any CPU.ActiveCfg = Debug|Any CPU
		{4FA671FC-256D-4474-92E2-C17E95973B69}.Debug|Any CPU.Build.0 = Debug|Any CPU
		{4FA671FC-256D-4474-92E2-C17E95973B69}.Debug|x64.ActiveCfg = Debug|Any CPU
		{4FA671FC-256D-4474-92E2-C17E95973B69}.Debug|x64.Build.0 = Debug|Any CPU
		{4FA671FC-256D-4474-92E2-C17E95973B69}.Debug|x86.ActiveCfg = Debug|Any CPU
		{4FA671FC-256D-4474-92E2-C17E95973B69}.Debug|x86.Build.0 = Debug|Any CPU
		{4FA671FC-256D-4474-92E2-C17E95973B69}.Release|Any CPU.ActiveCfg = Release|Any CPU
		{4FA671FC-256D-4474-92E2-C17E95973B69}.Release|Any CPU.Build.0 = Release|Any CPU
		{4FA671FC-256D-4474-92E2-C17E95973B69}.Release|x64.ActiveCfg = Release|Any CPU
		{4FA671FC-256D-4474-92E2-C17E95973B69}.Release|x64.Build.0 = Release|Any CPU
		{4FA671FC-256D-4474-92E2-C17E95973B69}.Release|x86.ActiveCfg = Release|Any CPU
		{4FA671FC-256D-4474-92E2-C17E95973B69}.Release|x86.Build.0 = Release|Any CPU
		{0B967B01-446D-4ADD-8DF3-20D2DD7BED37}.Debug|Any CPU.ActiveCfg = Debug|Any CPU
		{0B967B01-446D-4ADD-8DF3-20D2DD7BED37}.Debug|Any CPU.Build.0 = Debug|Any CPU
		{0B967B01-446D-4ADD-8DF3-20D2DD7BED37}.Debug|x64.ActiveCfg = Debug|Any CPU
		{0B967B01-446D-4ADD-8DF3-20D2DD7BED37}.Debug|x64.Build.0 = Debug|Any CPU
		{0B967B01-446D-4ADD-8DF3-20D2DD7BED37}.Debug|x86.ActiveCfg = Debug|Any CPU
		{0B967B01-446D-4ADD-8DF3-20D2DD7BED37}.Debug|x86.Build.0 = Debug|Any CPU
		{0B967B01-446D-4ADD-8DF3-20D2DD7BED37}.Release|Any CPU.ActiveCfg = Release|Any CPU
		{0B967B01-446D-4ADD-8DF3-20D2DD7BED37}.Release|Any CPU.Build.0 = Release|Any CPU
		{0B967B01-446D-4ADD-8DF3-20D2DD7BED37}.Release|x64.ActiveCfg = Release|Any CPU
		{0B967B01-446D-4ADD-8DF3-20D2DD7BED37}.Release|x64.Build.0 = Release|Any CPU
		{0B967B01-446D-4ADD-8DF3-20D2DD7BED37}.Release|x86.ActiveCfg = Release|Any CPU
		{0B967B01-446D-4ADD-8DF3-20D2DD7BED37}.Release|x86.Build.0 = Release|Any CPU
		{8E56EEE0-4D98-499E-A349-69F76768ED5B}.Debug|Any CPU.ActiveCfg = Debug|Any CPU
		{8E56EEE0-4D98-499E-A349-69F76768ED5B}.Debug|Any CPU.Build.0 = Debug|Any CPU
		{8E56EEE0-4D98-499E-A349-69F76768ED5B}.Debug|x64.ActiveCfg = Debug|Any CPU
		{8E56EEE0-4D98-499E-A349-69F76768ED5B}.Debug|x64.Build.0 = Debug|Any CPU
		{8E56EEE0-4D98-499E-A349-69F76768ED5B}.Debug|x86.ActiveCfg = Debug|Any CPU
		{8E56EEE0-4D98-499E-A349-69F76768ED5B}.Debug|x86.Build.0 = Debug|Any CPU
		{8E56EEE0-4D98-499E-A349-69F76768ED5B}.Release|Any CPU.ActiveCfg = Release|Any CPU
		{8E56EEE0-4D98-499E-A349-69F76768ED5B}.Release|Any CPU.Build.0 = Release|Any CPU
		{8E56EEE0-4D98-499E-A349-69F76768ED5B}.Release|x64.ActiveCfg = Release|Any CPU
		{8E56EEE0-4D98-499E-A349-69F76768ED5B}.Release|x64.Build.0 = Release|Any CPU
		{8E56EEE0-4D98-499E-A349-69F76768ED5B}.Release|x86.ActiveCfg = Release|Any CPU
		{8E56EEE0-4D98-499E-A349-69F76768ED5B}.Release|x86.Build.0 = Release|Any CPU
	EndGlobalSection
	GlobalSection(SolutionProperties) = preSolution
		HideSolutionNode = FALSE
	EndGlobalSection
	GlobalSection(NestedProjects) = preSolution
		{679B0276-05FD-42D8-87C3-E9E3FEAA94EB} = {827E0CD3-B72D-47B6-A68D-7590B98EB39B}
		{1E904C0E-7D76-4226-8B32-60BAC859A894} = {827E0CD3-B72D-47B6-A68D-7590B98EB39B}
		{6992AA3E-F456-40AB-98F7-92919D0BCB77} = {827E0CD3-B72D-47B6-A68D-7590B98EB39B}
		{416E4B3A-0F3F-4E2E-8F51-C1EACB340FE8} = {827E0CD3-B72D-47B6-A68D-7590B98EB39B}
		{E97969F2-CB1E-415B-AD73-C0888B2D1011} = {827E0CD3-B72D-47B6-A68D-7590B98EB39B}
		{F64CBE51-7776-4469-8B76-4CA2AA299B42} = {827E0CD3-B72D-47B6-A68D-7590B98EB39B}
		{509C1295-5A12-4F8E-8155-B446EB1339A0} = {827E0CD3-B72D-47B6-A68D-7590B98EB39B}
		{4FA671FC-256D-4474-92E2-C17E95973B69} = {827E0CD3-B72D-47B6-A68D-7590B98EB39B}
		{0B967B01-446D-4ADD-8DF3-20D2DD7BED37} = {827E0CD3-B72D-47B6-A68D-7590B98EB39B}
		{8E56EEE0-4D98-499E-A349-69F76768ED5B} = {0AB3BF05-4346-4AA6-1389-037BE0695223}
	EndGlobalSection
EndGlobal
